
Microsoft Visual Studio Solution File, Format Version 12.00
# Visual Studio Version 17
VisualStudioVersion = 17.4.33403.182
MinimumVisualStudioVersion = 10.0.40219.1
Project("{9A19103F-16F7-4668-BE54-9A1E7A4F7556}") = "SilvagenumBootstrapper", "SilvagenumBootstrapper.csproj", "{0259FEAC-CF49-43A4-B27A-3E96D94CDB56}"
EndProject
Project("{9A19103F-16F7-4668-BE54-9A1E7A4F7556}") = "SilvagenumLogic", "..\SilvagenumLogic\SilvagenumLogic.csproj", "{9CAB233B-A015-4667-B9BF-8DAF656BE5F4}"
EndProject
Project("{9A19103F-16F7-4668-BE54-9A1E7A4F7556}") = "SilvagenumData", "..\SilvagenumData\SilvagenumData.csproj", "{C60C9CED-5C7C-4955-859C-A19A58DBCEC6}"
EndProject
Project("{9A19103F-16F7-4668-BE54-9A1E7A4F7556}") = "SilvagenumUI", "..\SilvagenumUI\SilvagenumUI.csproj", "{18A04F21-9F53-4513-ACE4-FB3D5ADCF6E8}"
EndProject
Global
	GlobalSection(SolutionConfigurationPlatforms) = preSolution
		Debug|Any CPU = Debug|Any CPU
		Release|Any CPU = Release|Any CPU
	EndGlobalSection
	GlobalSection(ProjectConfigurationPlatforms) = postSolution
		{0259FEAC-CF49-43A4-B27A-3E96D94CDB56}.Debug|Any CPU.ActiveCfg = Debug|Any CPU
		{0259FEAC-CF49-43A4-B27A-3E96D94CDB56}.Debug|Any CPU.Build.0 = Debug|Any CPU
		{0259FEAC-CF49-43A4-B27A-3E96D94CDB56}.Release|Any CPU.ActiveCfg = Release|Any CPU
		{0259FEAC-CF49-43A4-B27A-3E96D94CDB56}.Release|Any CPU.Build.0 = Release|Any CPU
		{9CAB233B-A015-4667-B9BF-8DAF656BE5F4}.Debug|Any CPU.ActiveCfg = Debug|Any CPU
		{9CAB233B-A015-4667-B9BF-8DAF656BE5F4}.Debug|Any CPU.Build.0 = Debug|Any CPU
		{9CAB233B-A015-4667-B9BF-8DAF656BE5F4}.Release|Any CPU.ActiveCfg = Release|Any CPU
		{9CAB233B-A015-4667-B9BF-8DAF656BE5F4}.Release|Any CPU.Build.0 = Release|Any CPU
		{C60C9CED-5C7C-4955-859C-A19A58DBCEC6}.Debug|Any CPU.ActiveCfg = Debug|Any CPU
		{C60C9CED-5C7C-4955-859C-A19A58DBCEC6}.Debug|Any CPU.Build.0 = Debug|Any CPU
		{C60C9CED-5C7C-4955-859C-A19A58DBCEC6}.Release|Any CPU.ActiveCfg = Release|Any CPU
		{C60C9CED-5C7C-4955-859C-A19A58DBCEC6}.Release|Any CPU.Build.0 = Release|Any CPU
		{18A04F21-9F53-4513-ACE4-FB3D5ADCF6E8}.Debug|Any CPU.ActiveCfg = Debug|Any CPU
		{18A04F21-9F53-4513-ACE4-FB3D5ADCF6E8}.Debug|Any CPU.Build.0 = Debug|Any CPU
		{18A04F21-9F53-4513-ACE4-FB3D5ADCF6E8}.Release|Any CPU.ActiveCfg = Release|Any CPU
		{18A04F21-9F53-4513-ACE4-FB3D5ADCF6E8}.Release|Any CPU.Build.0 = Release|Any CPU
	EndGlobalSection
	GlobalSection(SolutionProperties) = preSolution
		HideSolutionNode = FALSE
	EndGlobalSection
	GlobalSection(ExtensibilityGlobals) = postSolution
		SolutionGuid = {26A9DAFB-3FE6-4125-9092-7CC79EFA9087}
	EndGlobalSection
EndGlobal
